// !$*UTF8*$!
{
	archiveVersion = 1;
	classes = {
	};
	objectVersion = 56;
	objects = {

/* Begin PBXBuildFile section */
		4BF20A0D2D1A4EB9002CBA3D /* CoreLocaleKit.docc in Sources */ = {isa = PBXBuildFile; fileRef = 4BF20A0C2D1A4EB9002CBA3D /* CoreLocaleKit.docc */; };
		4BF20A132D1A4EB9002CBA3D /* CoreLocaleKit.framework in Frameworks */ = {isa = PBXBuildFile; fileRef = 4BF20A082D1A4EB9002CBA3D /* CoreLocaleKit.framework */; };
		4BF20A182D1A4EB9002CBA3D /* CoreLocaleKitTests.swift in Sources */ = {isa = PBXBuildFile; fileRef = 4BF20A172D1A4EB9002CBA3D /* CoreLocaleKitTests.swift */; };
		4BF20A192D1A4EB9002CBA3D /* CoreLocaleKit.h in Headers */ = {isa = PBXBuildFile; fileRef = 4BF20A0B2D1A4EB9002CBA3D /* CoreLocaleKit.h */; settings = {ATTRIBUTES = (Public, ); }; };
/* End PBXBuildFile section */

/* Begin PBXContainerItemProxy section */
		4BF20A142D1A4EB9002CBA3D /* PBXContainerItemProxy */ = {
			isa = PBXContainerItemProxy;
			containerPortal = 4BF209FF2D1A4EB9002CBA3D /* Project object */;
			proxyType = 1;
			remoteGlobalIDString = 4BF20A072D1A4EB9002CBA3D;
			remoteInfo = CoreLocaleKit;
		};
/* End PBXContainerItemProxy section */

/* Begin PBXFileReference section */
		4BF20A082D1A4EB9002CBA3D /* CoreLocaleKit.framework */ = {isa = PBXFileReference; explicitFileType = wrapper.framework; includeInIndex = 0; path = CoreLocaleKit.framework; sourceTree = BUILT_PRODUCTS_DIR; };
		4BF20A0B2D1A4EB9002CBA3D /* CoreLocaleKit.h */ = {isa = PBXFileReference; lastKnownFileType = sourcecode.c.h; path = CoreLocaleKit.h; sourceTree = "<group>"; };
		4BF20A0C2D1A4EB9002CBA3D /* CoreLocaleKit.docc */ = {isa = PBXFileReference; lastKnownFileType = folder.documentationcatalog; path = CoreLocaleKit.docc; sourceTree = "<group>"; };
		4BF20A122D1A4EB9002CBA3D /* CoreLocaleKitTests.xctest */ = {isa = PBXFileReference; explicitFileType = wrapper.cfbundle; includeInIndex = 0; path = CoreLocaleKitTests.xctest; sourceTree = BUILT_PRODUCTS_DIR; };
		4BF20A172D1A4EB9002CBA3D /* CoreLocaleKitTests.swift */ = {isa = PBXFileReference; lastKnownFileType = sourcecode.swift; path = CoreLocaleKitTests.swift; sourceTree = "<group>"; };
/* End PBXFileReference section */

/* Begin PBXFrameworksBuildPhase section */
		4BF20A052D1A4EB9002CBA3D /* Frameworks */ = {
			isa = PBXFrameworksBuildPhase;
			buildActionMask = 2147483647;
			files = (
			);
			runOnlyForDeploymentPostprocessing = 0;
		};
		4BF20A0F2D1A4EB9002CBA3D /* Frameworks */ = {
			isa = PBXFrameworksBuildPhase;
			buildActionMask = 2147483647;
			files = (
				4BF20A132D1A4EB9002CBA3D /* CoreLocaleKit.framework in Frameworks */,
			);
			runOnlyForDeploymentPostprocessing = 0;
		};
/* End PBXFrameworksBuildPhase section */

/* Begin PBXGroup section */
		4BF209FE2D1A4EB9002CBA3D = {
			isa = PBXGroup;
			children = (
				4BF20A0A2D1A4EB9002CBA3D /* CoreLocaleKit */,
				4BF20A162D1A4EB9002CBA3D /* CoreLocaleKitTests */,
				4BF20A092D1A4EB9002CBA3D /* Products */,
			);
			sourceTree = "<group>";
		};
		4BF20A092D1A4EB9002CBA3D /* Products */ = {
			isa = PBXGroup;
			children = (
				4BF20A082D1A4EB9002CBA3D /* CoreLocaleKit.framework */,
				4BF20A122D1A4EB9002CBA3D /* CoreLocaleKitTests.xctest */,
			);
			name = Products;
			sourceTree = "<group>";
		};
		4BF20A0A2D1A4EB9002CBA3D /* CoreLocaleKit */ = {
			isa = PBXGroup;
			children = (
				4BF20A0B2D1A4EB9002CBA3D /* CoreLocaleKit.h */,
				4BF20A0C2D1A4EB9002CBA3D /* CoreLocaleKit.docc */,
			);
			path = CoreLocaleKit;
			sourceTree = "<group>";
		};
		4BF20A162D1A4EB9002CBA3D /* CoreLocaleKitTests */ = {
			isa = PBXGroup;
			children = (
				4BF20A172D1A4EB9002CBA3D /* CoreLocaleKitTests.swift */,
			);
			path = CoreLocaleKitTests;
			sourceTree = "<group>";
		};
/* End PBXGroup section */

/* Begin PBXHeadersBuildPhase section */
		4BF20A032D1A4EB9002CBA3D /* Headers */ = {
			isa = PBXHeadersBuildPhase;
			buildActionMask = 2147483647;
			files = (
				4BF20A192D1A4EB9002CBA3D /* CoreLocaleKit.h in Headers */,
			);
			runOnlyForDeploymentPostprocessing = 0;
		};
/* End PBXHeadersBuildPhase section */

/* Begin PBXNativeTarget section */
		4BF20A072D1A4EB9002CBA3D /* CoreLocaleKit */ = {
			isa = PBXNativeTarget;
			buildConfigurationList = 4BF20A1C2D1A4EB9002CBA3D /* Build configuration list for PBXNativeTarget "CoreLocaleKit" */;
			buildPhases = (
				4BF20A032D1A4EB9002CBA3D /* Headers */,
				4BF20A042D1A4EB9002CBA3D /* Sources */,
				4BF20A052D1A4EB9002CBA3D /* Frameworks */,
				4BF20A062D1A4EB9002CBA3D /* Resources */,
			);
			buildRules = (
			);
			dependencies = (
			);
			name = CoreLocaleKit;
			productName = CoreLocaleKit;
			productReference = 4BF20A082D1A4EB9002CBA3D /* CoreLocaleKit.framework */;
			productType = "com.apple.product-type.framework";
		};
		4BF20A112D1A4EB9002CBA3D /* CoreLocaleKitTests */ = {
			isa = PBXNativeTarget;
			buildConfigurationList = 4BF20A1F2D1A4EB9002CBA3D /* Build configuration list for PBXNativeTarget "CoreLocaleKitTests" */;
			buildPhases = (
				4BF20A0E2D1A4EB9002CBA3D /* Sources */,
				4BF20A0F2D1A4EB9002CBA3D /* Frameworks */,
				4BF20A102D1A4EB9002CBA3D /* Resources */,
			);
			buildRules = (
			);
			dependencies = (
				4BF20A152D1A4EB9002CBA3D /* PBXTargetDependency */,
			);
			name = CoreLocaleKitTests;
			productName = CoreLocaleKitTests;
			productReference = 4BF20A122D1A4EB9002CBA3D /* CoreLocaleKitTests.xctest */;
			productType = "com.apple.product-type.bundle.unit-test";
		};
/* End PBXNativeTarget section */

/* Begin PBXProject section */
		4BF209FF2D1A4EB9002CBA3D /* Project object */ = {
			isa = PBXProject;
			attributes = {
				BuildIndependentTargetsInParallel = 1;
				LastSwiftUpdateCheck = 1510;
				LastUpgradeCheck = 1510;
				TargetAttributes = {
					4BF20A072D1A4EB9002CBA3D = {
						CreatedOnToolsVersion = 15.1;
					};
					4BF20A112D1A4EB9002CBA3D = {
						CreatedOnToolsVersion = 15.1;
					};
				};
			};
			buildConfigurationList = 4BF20A022D1A4EB9002CBA3D /* Build configuration list for PBXProject "CoreLocaleKit" */;
			compatibilityVersion = "Xcode 14.0";
			developmentRegion = en;
			hasScannedForEncodings = 0;
			knownRegions = (
				en,
				Base,
			);
			mainGroup = 4BF209FE2D1A4EB9002CBA3D;
			productRefGroup = 4BF20A092D1A4EB9002CBA3D /* Products */;
			projectDirPath = "";
			projectRoot = "";
			targets = (
				4BF20A072D1A4EB9002CBA3D /* CoreLocaleKit */,
				4BF20A112D1A4EB9002CBA3D /* CoreLocaleKitTests */,
			);
		};
/* End PBXProject section */

/* Begin PBXResourcesBuildPhase section */
		4BF20A062D1A4EB9002CBA3D /* Resources */ = {
			isa = PBXResourcesBuildPhase;
			buildActionMask = 2147483647;
			files = (
			);
			runOnlyForDeploymentPostprocessing = 0;
		};
		4BF20A102D1A4EB9002CBA3D /* Resources */ = {
			isa = PBXResourcesBuildPhase;
			buildActionMask = 2147483647;
			files = (
			);
			runOnlyForDeploymentPostprocessing = 0;
		};
/* End PBXResourcesBuildPhase section */

/* Begin PBXSourcesBuildPhase section */
		4BF20A042D1A4EB9002CBA3D /* Sources */ = {
			isa = PBXSourcesBuildPhase;
			buildActionMask = 2147483647;
			files = (
				4BF20A0D2D1A4EB9002CBA3D /* CoreLocaleKit.docc in Sources */,
			);
			runOnlyForDeploymentPostprocessing = 0;
		};
		4BF20A0E2D1A4EB9002CBA3D /* Sources */ = {
			isa = PBXSourcesBuildPhase;
			buildActionMask = 2147483647;
			files = (
				4BF20A182D1A4EB9002CBA3D /* CoreLocaleKitTests.swift in Sources */,
			);
			runOnlyForDeploymentPostprocessing = 0;
		};
/* End PBXSourcesBuildPhase section */

/* Begin PBXTargetDependency section */
		4BF20A152D1A4EB9002CBA3D /* PBXTargetDependency */ = {
			isa = PBXTargetDependency;
			target = 4BF20A072D1A4EB9002CBA3D /* CoreLocaleKit */;
			targetProxy = 4BF20A142D1A4EB9002CBA3D /* PBXContainerItemProxy */;
		};
/* End PBXTargetDependency section */

/* Begin XCBuildConfiguration section */
		4BF20A1A2D1A4EB9002CBA3D /* Debug */ = {
			isa = XCBuildConfiguration;
			buildSettings = {
				ALWAYS_SEARCH_USER_PATHS = NO;
				ASSETCATALOG_COMPILER_GENERATE_SWIFT_ASSET_SYMBOL_EXTENSIONS = YES;
				CLANG_ANALYZER_NONNULL = YES;
				CLANG_ANALYZER_NUMBER_OBJECT_CONVERSION = YES_AGGRESSIVE;
				CLANG_CXX_LANGUAGE_STANDARD = "gnu++20";
				CLANG_ENABLE_MODULES = YES;
				CLANG_ENABLE_OBJC_ARC = YES;
				CLANG_ENABLE_OBJC_WEAK = YES;
				CLANG_WARN_BLOCK_CAPTURE_AUTORELEASING = YES;
				CLANG_WARN_BOOL_CONVERSION = YES;
				CLANG_WARN_COMMA = YES;
				CLANG_WARN_CONSTANT_CONVERSION = YES;
				CLANG_WARN_DEPRECATED_OBJC_IMPLEMENTATIONS = YES;
				CLANG_WARN_DIRECT_OBJC_ISA_USAGE = YES_ERROR;
				CLANG_WARN_DOCUMENTATION_COMMENTS = YES;
				CLANG_WARN_EMPTY_BODY = YES;
				CLANG_WARN_ENUM_CONVERSION = YES;
				CLANG_WARN_INFINITE_RECURSION = YES;
				CLANG_WARN_INT_CONVERSION = YES;
				CLANG_WARN_NON_LITERAL_NULL_CONVERSION = YES;
				CLANG_WARN_OBJC_IMPLICIT_RETAIN_SELF = YES;
				CLANG_WARN_OBJC_LITERAL_CONVERSION = YES;
				CLANG_WARN_OBJC_ROOT_CLASS = YES_ERROR;
				CLANG_WARN_QUOTED_INCLUDE_IN_FRAMEWORK_HEADER = YES;
				CLANG_WARN_RANGE_LOOP_ANALYSIS = YES;
				CLANG_WARN_STRICT_PROTOTYPES = YES;
				CLANG_WARN_SUSPICIOUS_MOVE = YES;
				CLANG_WARN_UNGUARDED_AVAILABILITY = YES_AGGRESSIVE;
				CLANG_WARN_UNREACHABLE_CODE = YES;
				CLANG_WARN__DUPLICATE_METHOD_MATCH = YES;
				COPY_PHASE_STRIP = NO;
				CURRENT_PROJECT_VERSION = 1;
				DEBUG_INFORMATION_FORMAT = dwarf;
				ENABLE_STRICT_OBJC_MSGSEND = YES;
				ENABLE_TESTABILITY = YES;
				ENABLE_USER_SCRIPT_SANDBOXING = YES;
				GCC_C_LANGUAGE_STANDARD = gnu17;
				GCC_DYNAMIC_NO_PIC = NO;
				GCC_NO_COMMON_BLOCKS = YES;
				GCC_OPTIMIZATION_LEVEL = 0;
				GCC_PREPROCESSOR_DEFINITIONS = (
					"DEBUG=1",
					"$(inherited)",
				);
				GCC_WARN_64_TO_32_BIT_CONVERSION = YES;
				GCC_WARN_ABOUT_RETURN_TYPE = YES_ERROR;
				GCC_WARN_UNDECLARED_SELECTOR = YES;
				GCC_WARN_UNINITIALIZED_AUTOS = YES_AGGRESSIVE;
				GCC_WARN_UNUSED_FUNCTION = YES;
				GCC_WARN_UNUSED_VARIABLE = YES;
				IPHONEOS_DEPLOYMENT_TARGET = 17.2;
				LOCALIZATION_PREFERS_STRING_CATALOGS = YES;
				MTL_ENABLE_DEBUG_INFO = INCLUDE_SOURCE;
				MTL_FAST_MATH = YES;
				ONLY_ACTIVE_ARCH = YES;
				SDKROOT = iphoneos;
				SWIFT_ACTIVE_COMPILATION_CONDITIONS = "DEBUG $(inherited)";
				SWIFT_OPTIMIZATION_LEVEL = "-Onone";
				VERSIONING_SYSTEM = "apple-generic";
				VERSION_INFO_PREFIX = "";
			};
			name = Debug;
		};
		4BF20A1B2D1A4EB9002CBA3D /* Release */ = {
			isa = XCBuildConfiguration;
			buildSettings = {
				ALWAYS_SEARCH_USER_PATHS = NO;
				ASSETCATALOG_COMPILER_GENERATE_SWIFT_ASSET_SYMBOL_EXTENSIONS = YES;
				CLANG_ANALYZER_NONNULL = YES;
				CLANG_ANALYZER_NUMBER_OBJECT_CONVERSION = YES_AGGRESSIVE;
				CLANG_CXX_LANGUAGE_STANDARD = "gnu++20";
				CLANG_ENABLE_MODULES = YES;
				CLANG_ENABLE_OBJC_ARC = YES;
				CLANG_ENABLE_OBJC_WEAK = YES;
				CLANG_WARN_BLOCK_CAPTURE_AUTORELEASING = YES;
				CLANG_WARN_BOOL_CONVERSION = YES;
				CLANG_WARN_COMMA = YES;
				CLANG_WARN_CONSTANT_CONVERSION = YES;
				CLANG_WARN_DEPRECATED_OBJC_IMPLEMENTATIONS = YES;
				CLANG_WARN_DIRECT_OBJC_ISA_USAGE = YES_ERROR;
				CLANG_WARN_DOCUMENTATION_COMMENTS = YES;
				CLANG_WARN_EMPTY_BODY = YES;
				CLANG_WARN_ENUM_CONVERSION = YES;
				CLANG_WARN_INFINITE_RECURSION = YES;
				CLANG_WARN_INT_CONVERSION = YES;
				CLANG_WARN_NON_LITERAL_NULL_CONVERSION = YES;
				CLANG_WARN_OBJC_IMPLICIT_RETAIN_SELF = YES;
				CLANG_WARN_OBJC_LITERAL_CONVERSION = YES;
				CLANG_WARN_OBJC_ROOT_CLASS = YES_ERROR;
				CLANG_WARN_QUOTED_INCLUDE_IN_FRAMEWORK_HEADER = YES;
				CLANG_WARN_RANGE_LOOP_ANALYSIS = YES;
				CLANG_WARN_STRICT_PROTOTYPES = YES;
				CLANG_WARN_SUSPICIOUS_MOVE = YES;
				CLANG_WARN_UNGUARDED_AVAILABILITY = YES_AGGRESSIVE;
				CLANG_WARN_UNREACHABLE_CODE = YES;
				CLANG_WARN__DUPLICATE_METHOD_MATCH = YES;
				COPY_PHASE_STRIP = NO;
				CURRENT_PROJECT_VERSION = 1;
				DEBUG_INFORMATION_FORMAT = "dwarf-with-dsym";
				ENABLE_NS_ASSERTIONS = NO;
				ENABLE_STRICT_OBJC_MSGSEND = YES;
				ENABLE_USER_SCRIPT_SANDBOXING = YES;
				GCC_C_LANGUAGE_STANDARD = gnu17;
				GCC_NO_COMMON_BLOCKS = YES;
				GCC_WARN_64_TO_32_BIT_CONVERSION = YES;
				GCC_WARN_ABOUT_RETURN_TYPE = YES_ERROR;
				GCC_WARN_UNDECLARED_SELECTOR = YES;
				GCC_WARN_UNINITIALIZED_AUTOS = YES_AGGRESSIVE;
				GCC_WARN_UNUSED_FUNCTION = YES;
				GCC_WARN_UNUSED_VARIABLE = YES;
				IPHONEOS_DEPLOYMENT_TARGET = 17.2;
				LOCALIZATION_PREFERS_STRING_CATALOGS = YES;
				MTL_ENABLE_DEBUG_INFO = NO;
				MTL_FAST_MATH = YES;
				SDKROOT = iphoneos;
				SWIFT_COMPILATION_MODE = wholemodule;
				VALIDATE_PRODUCT = YES;
				VERSIONING_SYSTEM = "apple-generic";
				VERSION_INFO_PREFIX = "";
			};
			name = Release;
		};
		4BF20A1D2D1A4EB9002CBA3D /* Debug */ = {
			isa = XCBuildConfiguration;
			buildSettings = {
				CODE_SIGN_STYLE = Automatic;
				CURRENT_PROJECT_VERSION = 1;
				DEFINES_MODULE = YES;
				DEVELOPMENT_TEAM = 7WT7Y8CFN6;
				DYLIB_COMPATIBILITY_VERSION = 1;
				DYLIB_CURRENT_VERSION = 1;
				DYLIB_INSTALL_NAME_BASE = "@rpath";
				ENABLE_MODULE_VERIFIER = YES;
				GENERATE_INFOPLIST_FILE = YES;
				INFOPLIST_KEY_NSHumanReadableCopyright = "";
				INSTALL_PATH = "$(LOCAL_LIBRARY_DIR)/Frameworks";
				LD_RUNPATH_SEARCH_PATHS = (
					"$(inherited)",
					"@executable_path/Frameworks",
					"@loader_path/Frameworks",
				);
				MARKETING_VERSION = 1.0;
				MODULE_VERIFIER_SUPPORTED_LANGUAGES = "objective-c objective-c++";
				MODULE_VERIFIER_SUPPORTED_LANGUAGE_STANDARDS = "gnu17 gnu++20";
				PRODUCT_BUNDLE_IDENTIFIER = com.y4gamilight.CoreLocaleKit;
				PRODUCT_NAME = "$(TARGET_NAME:c99extidentifier)";
				SKIP_INSTALL = YES;
				SUPPORTED_PLATFORMS = "iphoneos iphonesimulator";
				SUPPORTS_MACCATALYST = NO;
				SUPPORTS_MAC_DESIGNED_FOR_IPHONE_IPAD = NO;
				SWIFT_EMIT_LOC_STRINGS = YES;
				SWIFT_VERSION = 5.0;
				TARGETED_DEVICE_FAMILY = "1,2";
			};
			name = Debug;
		};
		4BF20A1E2D1A4EB9002CBA3D /* Release */ = {
			isa = XCBuildConfiguration;
			buildSettings = {
				CODE_SIGN_STYLE = Automatic;
				CURRENT_PROJECT_VERSION = 1;
				DEFINES_MODULE = YES;
				DEVELOPMENT_TEAM = 7WT7Y8CFN6;
				DYLIB_COMPATIBILITY_VERSION = 1;
				DYLIB_CURRENT_VERSION = 1;
				DYLIB_INSTALL_NAME_BASE = "@rpath";
				ENABLE_MODULE_VERIFIER = YES;
				GENERATE_INFOPLIST_FILE = YES;
				INFOPLIST_KEY_NSHumanReadableCopyright = "";
				INSTALL_PATH = "$(LOCAL_LIBRARY_DIR)/Frameworks";
				LD_RUNPATH_SEARCH_PATHS = (
					"$(inherited)",
					"@executable_path/Frameworks",
					"@loader_path/Frameworks",
				);
				MARKETING_VERSION = 1.0;
				MODULE_VERIFIER_SUPPORTED_LANGUAGES = "objective-c objective-c++";
				MODULE_VERIFIER_SUPPORTED_LANGUAGE_STANDARDS = "gnu17 gnu++20";
				PRODUCT_BUNDLE_IDENTIFIER = com.y4gamilight.CoreLocaleKit;
				PRODUCT_NAME = "$(TARGET_NAME:c99extidentifier)";
				SKIP_INSTALL = YES;
				SUPPORTED_PLATFORMS = "iphoneos iphonesimulator";
				SUPPORTS_MACCATALYST = NO;
				SUPPORTS_MAC_DESIGNED_FOR_IPHONE_IPAD = NO;
				SWIFT_EMIT_LOC_STRINGS = YES;
				SWIFT_VERSION = 5.0;
				TARGETED_DEVICE_FAMILY = "1,2";
			};
			name = Release;
		};
		4BF20A202D1A4EB9002CBA3D /* Debug */ = {
			isa = XCBuildConfiguration;
			buildSettings = {
				CODE_SIGN_STYLE = Automatic;
				CURRENT_PROJECT_VERSION = 1;
				DEVELOPMENT_TEAM = 7WT7Y8CFN6;
				GENERATE_INFOPLIST_FILE = YES;
				MARKETING_VERSION = 1.0;
				PRODUCT_BUNDLE_IDENTIFIER = com.y4gamilight.CoreLocaleKitTests;
				PRODUCT_NAME = "$(TARGET_NAME)";
				SWIFT_EMIT_LOC_STRINGS = NO;
				SWIFT_VERSION = 5.0;
				TARGETED_DEVICE_FAMILY = "1,2";
			};
			name = Debug;
		};
		4BF20A212D1A4EB9002CBA3D /* Release */ = {
			isa = XCBuildConfiguration;
			buildSettings = {
				CODE_SIGN_STYLE = Automatic;
				CURRENT_PROJECT_VERSION = 1;
				DEVELOPMENT_TEAM = 7WT7Y8CFN6;
				GENERATE_INFOPLIST_FILE = YES;
				MARKETING_VERSION = 1.0;
				PRODUCT_BUNDLE_IDENTIFIER = com.y4gamilight.CoreLocaleKitTests;
				PRODUCT_NAME = "$(TARGET_NAME)";
				SWIFT_EMIT_LOC_STRINGS = NO;
				SWIFT_VERSION = 5.0;
				TARGETED_DEVICE_FAMILY = "1,2";
			};
			name = Release;
		};
/* End XCBuildConfiguration section */

/* Begin XCConfigurationList section */
		4BF20A022D1A4EB9002CBA3D /* Build configuration list for PBXProject "CoreLocaleKit" */ = {
			isa = XCConfigurationList;
			buildConfigurations = (
				4BF20A1A2D1A4EB9002CBA3D /* Debug */,
				4BF20A1B2D1A4EB9002CBA3D /* Release */,
			);
			defaultConfigurationIsVisible = 0;
			defaultConfigurationName = Release;
		};
		4BF20A1C2D1A4EB9002CBA3D /* Build configuration list for PBXNativeTarget "CoreLocaleKit" */ = {
			isa = XCConfigurationList;
			buildConfigurations = (
				4BF20A1D2D1A4EB9002CBA3D /* Debug */,
				4BF20A1E2D1A4EB9002CBA3D /* Release */,
			);
			defaultConfigurationIsVisible = 0;
			defaultConfigurationName = Release;
		};
		4BF20A1F2D1A4EB9002CBA3D /* Build configuration list for PBXNativeTarget "CoreLocaleKitTests" */ = {
			isa = XCConfigurationList;
			buildConfigurations = (
				4BF20A202D1A4EB9002CBA3D /* Debug */,
				4BF20A212D1A4EB9002CBA3D /* Release */,
			);
			defaultConfigurationIsVisible = 0;
			defaultConfigurationName = Release;
		};
/* End XCConfigurationList section */
	};
	rootObject = 4BF209FF2D1A4EB9002CBA3D /* Project object */;
}
