// !$*UTF8*$!
{
	archiveVersion = 1;
	classes = {
	};
	objectVersion = 56;
	objects = {

/* Begin PBXBuildFile section */
		4BF20A2F2D1A4FD8002CBA3D /* CoreLocaleKitExampleApp.swift in Sources */ = {isa = PBXBuildFile; fileRef = 4BF20A2E2D1A4FD8002CBA3D /* CoreLocaleKitExampleApp.swift */; };
		4BF20A312D1A4FD8002CBA3D /* ContentView.swift in Sources */ = {isa = PBXBuildFile; fileRef = 4BF20A302D1A4FD8002CBA3D /* ContentView.swift */; };
		4BF20A332D1A4FD8002CBA3D /* Item.swift in Sources */ = {isa = PBXBuildFile; fileRef = 4BF20A322D1A4FD8002CBA3D /* Item.swift */; };
		4BF20A352D1A4FD9002CBA3D /* Assets.xcassets in Resources */ = {isa = PBXBuildFile; fileRef = 4BF20A342D1A4FD9002CBA3D /* Assets.xcassets */; };
		4BF20A382D1A4FD9002CBA3D /* Preview Assets.xcassets in Resources */ = {isa = PBXBuildFile; fileRef = 4BF20A372D1A4FD9002CBA3D /* Preview Assets.xcassets */; };
		4BF20A422D1A4FDA002CBA3D /* CoreLocaleKitExampleTests.swift in Sources */ = {isa = PBXBuildFile; fileRef = 4BF20A412D1A4FDA002CBA3D /* CoreLocaleKitExampleTests.swift */; };
		4BF20A4C2D1A4FDA002CBA3D /* CoreLocaleKitExampleUITests.swift in Sources */ = {isa = PBXBuildFile; fileRef = 4BF20A4B2D1A4FDA002CBA3D /* CoreLocaleKitExampleUITests.swift */; };
		4BF20A4E2D1A4FDA002CBA3D /* CoreLocaleKitExampleUITestsLaunchTests.swift in Sources */ = {isa = PBXBuildFile; fileRef = 4BF20A4D2D1A4FDA002CBA3D /* CoreLocaleKitExampleUITestsLaunchTests.swift */; };
		4BF20A5C2D1A500E002CBA3D /* CoreLocaleKit.framework in Frameworks */ = {isa = PBXBuildFile; fileRef = 4BF20A5B2D1A500E002CBA3D /* CoreLocaleKit.framework */; };
		4BF20A5D2D1A500E002CBA3D /* CoreLocaleKit.framework in Embed Frameworks */ = {isa = PBXBuildFile; fileRef = 4BF20A5B2D1A500E002CBA3D /* CoreLocaleKit.framework */; settings = {ATTRIBUTES = (CodeSignOnCopy, RemoveHeadersOnCopy, ); }; };
/* End PBXBuildFile section */

/* Begin PBXContainerItemProxy section */
		4BF20A3E2D1A4FDA002CBA3D /* PBXContainerItemProxy */ = {
			isa = PBXContainerItemProxy;
			containerPortal = 4BF20A232D1A4FD8002CBA3D /* Project object */;
			proxyType = 1;
			remoteGlobalIDString = 4BF20A2A2D1A4FD8002CBA3D;
			remoteInfo = CoreLocaleKitExample;
		};
		4BF20A482D1A4FDA002CBA3D /* PBXContainerItemProxy */ = {
			isa = PBXContainerItemProxy;
			containerPortal = 4BF20A232D1A4FD8002CBA3D /* Project object */;
			proxyType = 1;
			remoteGlobalIDString = 4BF20A2A2D1A4FD8002CBA3D;
			remoteInfo = CoreLocaleKitExample;
		};
/* End PBXContainerItemProxy section */

/* Begin PBXCopyFilesBuildPhase section */
		4BF20A5E2D1A500E002CBA3D /* Embed Frameworks */ = {
			isa = PBXCopyFilesBuildPhase;
			buildActionMask = 2147483647;
			dstPath = "";
			dstSubfolderSpec = 10;
			files = (
				4BF20A5D2D1A500E002CBA3D /* CoreLocaleKit.framework in Embed Frameworks */,
			);
			name = "Embed Frameworks";
			runOnlyForDeploymentPostprocessing = 0;
		};
/* End PBXCopyFilesBuildPhase section */

/* Begin PBXFileReference section */
		4BF20A2B2D1A4FD8002CBA3D /* CoreLocaleKitExample.app */ = {isa = PBXFileReference; explicitFileType = wrapper.application; includeInIndex = 0; path = CoreLocaleKitExample.app; sourceTree = BUILT_PRODUCTS_DIR; };
		4BF20A2E2D1A4FD8002CBA3D /* CoreLocaleKitExampleApp.swift */ = {isa = PBXFileReference; lastKnownFileType = sourcecode.swift; path = CoreLocaleKitExampleApp.swift; sourceTree = "<group>"; };
		4BF20A302D1A4FD8002CBA3D /* ContentView.swift */ = {isa = PBXFileReference; lastKnownFileType = sourcecode.swift; path = ContentView.swift; sourceTree = "<group>"; };
		4BF20A322D1A4FD8002CBA3D /* Item.swift */ = {isa = PBXFileReference; lastKnownFileType = sourcecode.swift; path = Item.swift; sourceTree = "<group>"; };
		4BF20A342D1A4FD9002CBA3D /* Assets.xcassets */ = {isa = PBXFileReference; lastKnownFileType = folder.assetcatalog; path = Assets.xcassets; sourceTree = "<group>"; };
		4BF20A372D1A4FD9002CBA3D /* Preview Assets.xcassets */ = {isa = PBXFileReference; lastKnownFileType = folder.assetcatalog; path = "Preview Assets.xcassets"; sourceTree = "<group>"; };
		4BF20A3D2D1A4FDA002CBA3D /* CoreLocaleKitExampleTests.xctest */ = {isa = PBXFileReference; explicitFileType = wrapper.cfbundle; includeInIndex = 0; path = CoreLocaleKitExampleTests.xctest; sourceTree = BUILT_PRODUCTS_DIR; };
		4BF20A412D1A4FDA002CBA3D /* CoreLocaleKitExampleTests.swift */ = {isa = PBXFileReference; lastKnownFileType = sourcecode.swift; path = CoreLocaleKitExampleTests.swift; sourceTree = "<group>"; };
		4BF20A472D1A4FDA002CBA3D /* CoreLocaleKitExampleUITests.xctest */ = {isa = PBXFileReference; explicitFileType = wrapper.cfbundle; includeInIndex = 0; path = CoreLocaleKitExampleUITests.xctest; sourceTree = BUILT_PRODUCTS_DIR; };
		4BF20A4B2D1A4FDA002CBA3D /* CoreLocaleKitExampleUITests.swift */ = {isa = PBXFileReference; lastKnownFileType = sourcecode.swift; path = CoreLocaleKitExampleUITests.swift; sourceTree = "<group>"; };
		4BF20A4D2D1A4FDA002CBA3D /* CoreLocaleKitExampleUITestsLaunchTests.swift */ = {isa = PBXFileReference; lastKnownFileType = sourcecode.swift; path = CoreLocaleKitExampleUITestsLaunchTests.swift; sourceTree = "<group>"; };
		4BF20A5B2D1A500E002CBA3D /* CoreLocaleKit.framework */ = {isa = PBXFileReference; explicitFileType = wrapper.framework; path = CoreLocaleKit.framework; sourceTree = BUILT_PRODUCTS_DIR; };
/* End PBXFileReference section */

/* Begin PBXFrameworksBuildPhase section */
		4BF20A282D1A4FD8002CBA3D /* Frameworks */ = {
			isa = PBXFrameworksBuildPhase;
			buildActionMask = 2147483647;
			files = (
				4BF20A5C2D1A500E002CBA3D /* CoreLocaleKit.framework in Frameworks */,
			);
			runOnlyForDeploymentPostprocessing = 0;
		};
		4BF20A3A2D1A4FDA002CBA3D /* Frameworks */ = {
			isa = PBXFrameworksBuildPhase;
			buildActionMask = 2147483647;
			files = (
			);
			runOnlyForDeploymentPostprocessing = 0;
		};
		4BF20A442D1A4FDA002CBA3D /* Frameworks */ = {
			isa = PBXFrameworksBuildPhase;
			buildActionMask = 2147483647;
			files = (
			);
			runOnlyForDeploymentPostprocessing = 0;
		};
/* End PBXFrameworksBuildPhase section */

/* Begin PBXGroup section */
		4BF20A222D1A4FD8002CBA3D = {
			isa = PBXGroup;
			children = (
				4BF20A2D2D1A4FD8002CBA3D /* CoreLocaleKitExample */,
				4BF20A402D1A4FDA002CBA3D /* CoreLocaleKitExampleTests */,
				4BF20A4A2D1A4FDA002CBA3D /* CoreLocaleKitExampleUITests */,
				4BF20A2C2D1A4FD8002CBA3D /* Products */,
				4BF20A5A2D1A500E002CBA3D /* Frameworks */,
			);
			sourceTree = "<group>";
		};
		4BF20A2C2D1A4FD8002CBA3D /* Products */ = {
			isa = PBXGroup;
			children = (
				4BF20A2B2D1A4FD8002CBA3D /* CoreLocaleKitExample.app */,
				4BF20A3D2D1A4FDA002CBA3D /* CoreLocaleKitExampleTests.xctest */,
				4BF20A472D1A4FDA002CBA3D /* CoreLocaleKitExampleUITests.xctest */,
			);
			name = Products;
			sourceTree = "<group>";
		};
		4BF20A2D2D1A4FD8002CBA3D /* CoreLocaleKitExample */ = {
			isa = PBXGroup;
			children = (
				4BF20A2E2D1A4FD8002CBA3D /* CoreLocaleKitExampleApp.swift */,
				4BF20A302D1A4FD8002CBA3D /* ContentView.swift */,
				4BF20A322D1A4FD8002CBA3D /* Item.swift */,
				4BF20A342D1A4FD9002CBA3D /* Assets.xcassets */,
				4BF20A362D1A4FD9002CBA3D /* Preview Content */,
			);
			path = CoreLocaleKitExample;
			sourceTree = "<group>";
		};
		4BF20A362D1A4FD9002CBA3D /* Preview Content */ = {
			isa = PBXGroup;
			children = (
				4BF20A372D1A4FD9002CBA3D /* Preview Assets.xcassets */,
			);
			path = "Preview Content";
			sourceTree = "<group>";
		};
		4BF20A402D1A4FDA002CBA3D /* CoreLocaleKitExampleTests */ = {
			isa = PBXGroup;
			children = (
				4BF20A412D1A4FDA002CBA3D /* CoreLocaleKitExampleTests.swift */,
			);
			path = CoreLocaleKitExampleTests;
			sourceTree = "<group>";
		};
		4BF20A4A2D1A4FDA002CBA3D /* CoreLocaleKitExampleUITests */ = {
			isa = PBXGroup;
			children = (
				4BF20A4B2D1A4FDA002CBA3D /* CoreLocaleKitExampleUITests.swift */,
				4BF20A4D2D1A4FDA002CBA3D /* CoreLocaleKitExampleUITestsLaunchTests.swift */,
			);
			path = CoreLocaleKitExampleUITests;
			sourceTree = "<group>";
		};
		4BF20A5A2D1A500E002CBA3D /* Frameworks */ = {
			isa = PBXGroup;
			children = (
				4BF20A5B2D1A500E002CBA3D /* CoreLocaleKit.framework */,
			);
			name = Frameworks;
			sourceTree = "<group>";
		};
/* End PBXGroup section */

/* Begin PBXNativeTarget section */
		4BF20A2A2D1A4FD8002CBA3D /* CoreLocaleKitExample */ = {
			isa = PBXNativeTarget;
			buildConfigurationList = 4BF20A512D1A4FDA002CBA3D /* Build configuration list for PBXNativeTarget "CoreLocaleKitExample" */;
			buildPhases = (
				4BF20A272D1A4FD8002CBA3D /* Sources */,
				4BF20A282D1A4FD8002CBA3D /* Frameworks */,
				4BF20A292D1A4FD8002CBA3D /* Resources */,
				4BF20A5E2D1A500E002CBA3D /* Embed Frameworks */,
			);
			buildRules = (
			);
			dependencies = (
			);
			name = CoreLocaleKitExample;
			productName = CoreLocaleKitExample;
			productReference = 4BF20A2B2D1A4FD8002CBA3D /* CoreLocaleKitExample.app */;
			productType = "com.apple.product-type.application";
		};
		4BF20A3C2D1A4FDA002CBA3D /* CoreLocaleKitExampleTests */ = {
			isa = PBXNativeTarget;
			buildConfigurationList = 4BF20A542D1A4FDA002CBA3D /* Build configuration list for PBXNativeTarget "CoreLocaleKitExampleTests" */;
			buildPhases = (
				4BF20A392D1A4FDA002CBA3D /* Sources */,
				4BF20A3A2D1A4FDA002CBA3D /* Frameworks */,
				4BF20A3B2D1A4FDA002CBA3D /* Resources */,
			);
			buildRules = (
			);
			dependencies = (
				4BF20A3F2D1A4FDA002CBA3D /* PBXTargetDependency */,
			);
			name = CoreLocaleKitExampleTests;
			productName = CoreLocaleKitExampleTests;
			productReference = 4BF20A3D2D1A4FDA002CBA3D /* CoreLocaleKitExampleTests.xctest */;
			productType = "com.apple.product-type.bundle.unit-test";
		};
		4BF20A462D1A4FDA002CBA3D /* CoreLocaleKitExampleUITests */ = {
			isa = PBXNativeTarget;
			buildConfigurationList = 4BF20A572D1A4FDA002CBA3D /* Build configuration list for PBXNativeTarget "CoreLocaleKitExampleUITests" */;
			buildPhases = (
				4BF20A432D1A4FDA002CBA3D /* Sources */,
				4BF20A442D1A4FDA002CBA3D /* Frameworks */,
				4BF20A452D1A4FDA002CBA3D /* Resources */,
			);
			buildRules = (
			);
			dependencies = (
				4BF20A492D1A4FDA002CBA3D /* PBXTargetDependency */,
			);
			name = CoreLocaleKitExampleUITests;
			productName = CoreLocaleKitExampleUITests;
			productReference = 4BF20A472D1A4FDA002CBA3D /* CoreLocaleKitExampleUITests.xctest */;
			productType = "com.apple.product-type.bundle.ui-testing";
		};
/* End PBXNativeTarget section */

/* Begin PBXProject section */
		4BF20A232D1A4FD8002CBA3D /* Project object */ = {
			isa = PBXProject;
			attributes = {
				BuildIndependentTargetsInParallel = 1;
				LastSwiftUpdateCheck = 1510;
				LastUpgradeCheck = 1510;
				TargetAttributes = {
					4BF20A2A2D1A4FD8002CBA3D = {
						CreatedOnToolsVersion = 15.1;
					};
					4BF20A3C2D1A4FDA002CBA3D = {
						CreatedOnToolsVersion = 15.1;
						TestTargetID = 4BF20A2A2D1A4FD8002CBA3D;
					};
					4BF20A462D1A4FDA002CBA3D = {
						CreatedOnToolsVersion = 15.1;
						TestTargetID = 4BF20A2A2D1A4FD8002CBA3D;
					};
				};
			};
			buildConfigurationList = 4BF20A262D1A4FD8002CBA3D /* Build configuration list for PBXProject "CoreLocaleKitExample" */;
			compatibilityVersion = "Xcode 14.0";
			developmentRegion = en;
			hasScannedForEncodings = 0;
			knownRegions = (
				en,
				Base,
			);
			mainGroup = 4BF20A222D1A4FD8002CBA3D;
			productRefGroup = 4BF20A2C2D1A4FD8002CBA3D /* Products */;
			projectDirPath = "";
			projectRoot = "";
			targets = (
				4BF20A2A2D1A4FD8002CBA3D /* CoreLocaleKitExample */,
				4BF20A3C2D1A4FDA002CBA3D /* CoreLocaleKitExampleTests */,
				4BF20A462D1A4FDA002CBA3D /* CoreLocaleKitExampleUITests */,
			);
		};
/* End PBXProject section */

/* Begin PBXResourcesBuildPhase section */
		4BF20A292D1A4FD8002CBA3D /* Resources */ = {
			isa = PBXResourcesBuildPhase;
			buildActionMask = 2147483647;
			files = (
				4BF20A382D1A4FD9002CBA3D /* Preview Assets.xcassets in Resources */,
				4BF20A352D1A4FD9002CBA3D /* Assets.xcassets in Resources */,
			);
			runOnlyForDeploymentPostprocessing = 0;
		};
		4BF20A3B2D1A4FDA002CBA3D /* Resources */ = {
			isa = PBXResourcesBuildPhase;
			buildActionMask = 2147483647;
			files = (
			);
			runOnlyForDeploymentPostprocessing = 0;
		};
		4BF20A452D1A4FDA002CBA3D /* Resources */ = {
			isa = PBXResourcesBuildPhase;
			buildActionMask = 2147483647;
			files = (
			);
			runOnlyForDeploymentPostprocessing = 0;
		};
/* End PBXResourcesBuildPhase section */

/* Begin PBXSourcesBuildPhase section */
		4BF20A272D1A4FD8002CBA3D /* Sources */ = {
			isa = PBXSourcesBuildPhase;
			buildActionMask = 2147483647;
			files = (
				4BF20A312D1A4FD8002CBA3D /* ContentView.swift in Sources */,
				4BF20A332D1A4FD8002CBA3D /* Item.swift in Sources */,
				4BF20A2F2D1A4FD8002CBA3D /* CoreLocaleKitExampleApp.swift in Sources */,
			);
			runOnlyForDeploymentPostprocessing = 0;
		};
		4BF20A392D1A4FDA002CBA3D /* Sources */ = {
			isa = PBXSourcesBuildPhase;
			buildActionMask = 2147483647;
			files = (
				4BF20A422D1A4FDA002CBA3D /* CoreLocaleKitExampleTests.swift in Sources */,
			);
			runOnlyForDeploymentPostprocessing = 0;
		};
		4BF20A432D1A4FDA002CBA3D /* Sources */ = {
			isa = PBXSourcesBuildPhase;
			buildActionMask = 2147483647;
			files = (
				4BF20A4C2D1A4FDA002CBA3D /* CoreLocaleKitExampleUITests.swift in Sources */,
				4BF20A4E2D1A4FDA002CBA3D /* CoreLocaleKitExampleUITestsLaunchTests.swift in Sources */,
			);
			runOnlyForDeploymentPostprocessing = 0;
		};
/* End PBXSourcesBuildPhase section */

/* Begin PBXTargetDependency section */
		4BF20A3F2D1A4FDA002CBA3D /* PBXTargetDependency */ = {
			isa = PBXTargetDependency;
			target = 4BF20A2A2D1A4FD8002CBA3D /* CoreLocaleKitExample */;
			targetProxy = 4BF20A3E2D1A4FDA002CBA3D /* PBXContainerItemProxy */;
		};
		4BF20A492D1A4FDA002CBA3D /* PBXTargetDependency */ = {
			isa = PBXTargetDependency;
			target = 4BF20A2A2D1A4FD8002CBA3D /* CoreLocaleKitExample */;
			targetProxy = 4BF20A482D1A4FDA002CBA3D /* PBXContainerItemProxy */;
		};
/* End PBXTargetDependency section */

/* Begin XCBuildConfiguration section */
		4BF20A4F2D1A4FDA002CBA3D /* Debug */ = {
			isa = XCBuildConfiguration;
			buildSettings = {
				ALWAYS_SEARCH_USER_PATHS = NO;
				ASSETCATALOG_COMPILER_GENERATE_SWIFT_ASSET_SYMBOL_EXTENSIONS = YES;
				CLANG_ANALYZER_NONNULL = YES;
				CLANG_ANALYZER_NUMBER_OBJECT_CONVERSION = YES_AGGRESSIVE;
				CLANG_CXX_LANGUAGE_STANDARD = "gnu++20";
				CLANG_ENABLE_MODULES = YES;
				CLANG_ENABLE_OBJC_ARC = YES;
				CLANG_ENABLE_OBJC_WEAK = YES;
				CLANG_WARN_BLOCK_CAPTURE_AUTORELEASING = YES;
				CLANG_WARN_BOOL_CONVERSION = YES;
				CLANG_WARN_COMMA = YES;
				CLANG_WARN_CONSTANT_CONVERSION = YES;
				CLANG_WARN_DEPRECATED_OBJC_IMPLEMENTATIONS = YES;
				CLANG_WARN_DIRECT_OBJC_ISA_USAGE = YES_ERROR;
				CLANG_WARN_DOCUMENTATION_COMMENTS = YES;
				CLANG_WARN_EMPTY_BODY = YES;
				CLANG_WARN_ENUM_CONVERSION = YES;
				CLANG_WARN_INFINITE_RECURSION = YES;
				CLANG_WARN_INT_CONVERSION = YES;
				CLANG_WARN_NON_LITERAL_NULL_CONVERSION = YES;
				CLANG_WARN_OBJC_IMPLICIT_RETAIN_SELF = YES;
				CLANG_WARN_OBJC_LITERAL_CONVERSION = YES;
				CLANG_WARN_OBJC_ROOT_CLASS = YES_ERROR;
				CLANG_WARN_QUOTED_INCLUDE_IN_FRAMEWORK_HEADER = YES;
				CLANG_WARN_RANGE_LOOP_ANALYSIS = YES;
				CLANG_WARN_STRICT_PROTOTYPES = YES;
				CLANG_WARN_SUSPICIOUS_MOVE = YES;
				CLANG_WARN_UNGUARDED_AVAILABILITY = YES_AGGRESSIVE;
				CLANG_WARN_UNREACHABLE_CODE = YES;
				CLANG_WARN__DUPLICATE_METHOD_MATCH = YES;
				COPY_PHASE_STRIP = NO;
				DEBUG_INFORMATION_FORMAT = dwarf;
				ENABLE_STRICT_OBJC_MSGSEND = YES;
				ENABLE_TESTABILITY = YES;
				ENABLE_USER_SCRIPT_SANDBOXING = YES;
				GCC_C_LANGUAGE_STANDARD = gnu17;
				GCC_DYNAMIC_NO_PIC = NO;
				GCC_NO_COMMON_BLOCKS = YES;
				GCC_OPTIMIZATION_LEVEL = 0;
				GCC_PREPROCESSOR_DEFINITIONS = (
					"DEBUG=1",
					"$(inherited)",
				);
				GCC_WARN_64_TO_32_BIT_CONVERSION = YES;
				GCC_WARN_ABOUT_RETURN_TYPE = YES_ERROR;
				GCC_WARN_UNDECLARED_SELECTOR = YES;
				GCC_WARN_UNINITIALIZED_AUTOS = YES_AGGRESSIVE;
				GCC_WARN_UNUSED_FUNCTION = YES;
				GCC_WARN_UNUSED_VARIABLE = YES;
				IPHONEOS_DEPLOYMENT_TARGET = 17.2;
				LOCALIZATION_PREFERS_STRING_CATALOGS = YES;
				MTL_ENABLE_DEBUG_INFO = INCLUDE_SOURCE;
				MTL_FAST_MATH = YES;
				ONLY_ACTIVE_ARCH = YES;
				SDKROOT = iphoneos;
				SWIFT_ACTIVE_COMPILATION_CONDITIONS = "DEBUG $(inherited)";
				SWIFT_OPTIMIZATION_LEVEL = "-Onone";
			};
			name = Debug;
		};
		4BF20A502D1A4FDA002CBA3D /* Release */ = {
			isa = XCBuildConfiguration;
			buildSettings = {
				ALWAYS_SEARCH_USER_PATHS = NO;
				ASSETCATALOG_COMPILER_GENERATE_SWIFT_ASSET_SYMBOL_EXTENSIONS = YES;
				CLANG_ANALYZER_NONNULL = YES;
				CLANG_ANALYZER_NUMBER_OBJECT_CONVERSION = YES_AGGRESSIVE;
				CLANG_CXX_LANGUAGE_STANDARD = "gnu++20";
				CLANG_ENABLE_MODULES = YES;
				CLANG_ENABLE_OBJC_ARC = YES;
				CLANG_ENABLE_OBJC_WEAK = YES;
				CLANG_WARN_BLOCK_CAPTURE_AUTORELEASING = YES;
				CLANG_WARN_BOOL_CONVERSION = YES;
				CLANG_WARN_COMMA = YES;
				CLANG_WARN_CONSTANT_CONVERSION = YES;
				CLANG_WARN_DEPRECATED_OBJC_IMPLEMENTATIONS = YES;
				CLANG_WARN_DIRECT_OBJC_ISA_USAGE = YES_ERROR;
				CLANG_WARN_DOCUMENTATION_COMMENTS = YES;
				CLANG_WARN_EMPTY_BODY = YES;
				CLANG_WARN_ENUM_CONVERSION = YES;
				CLANG_WARN_INFINITE_RECURSION = YES;
				CLANG_WARN_INT_CONVERSION = YES;
				CLANG_WARN_NON_LITERAL_NULL_CONVERSION = YES;
				CLANG_WARN_OBJC_IMPLICIT_RETAIN_SELF = YES;
				CLANG_WARN_OBJC_LITERAL_CONVERSION = YES;
				CLANG_WARN_OBJC_ROOT_CLASS = YES_ERROR;
				CLANG_WARN_QUOTED_INCLUDE_IN_FRAMEWORK_HEADER = YES;
				CLANG_WARN_RANGE_LOOP_ANALYSIS = YES;
				CLANG_WARN_STRICT_PROTOTYPES = YES;
				CLANG_WARN_SUSPICIOUS_MOVE = YES;
				CLANG_WARN_UNGUARDED_AVAILABILITY = YES_AGGRESSIVE;
				CLANG_WARN_UNREACHABLE_CODE = YES;
				CLANG_WARN__DUPLICATE_METHOD_MATCH = YES;
				COPY_PHASE_STRIP = NO;
				DEBUG_INFORMATION_FORMAT = "dwarf-with-dsym";
				ENABLE_NS_ASSERTIONS = NO;
				ENABLE_STRICT_OBJC_MSGSEND = YES;
				ENABLE_USER_SCRIPT_SANDBOXING = YES;
				GCC_C_LANGUAGE_STANDARD = gnu17;
				GCC_NO_COMMON_BLOCKS = YES;
				GCC_WARN_64_TO_32_BIT_CONVERSION = YES;
				GCC_WARN_ABOUT_RETURN_TYPE = YES_ERROR;
				GCC_WARN_UNDECLARED_SELECTOR = YES;
				GCC_WARN_UNINITIALIZED_AUTOS = YES_AGGRESSIVE;
				GCC_WARN_UNUSED_FUNCTION = YES;
				GCC_WARN_UNUSED_VARIABLE = YES;
				IPHONEOS_DEPLOYMENT_TARGET = 17.2;
				LOCALIZATION_PREFERS_STRING_CATALOGS = YES;
				MTL_ENABLE_DEBUG_INFO = NO;
				MTL_FAST_MATH = YES;
				SDKROOT = iphoneos;
				SWIFT_COMPILATION_MODE = wholemodule;
				VALIDATE_PRODUCT = YES;
			};
			name = Release;
		};
		4BF20A522D1A4FDA002CBA3D /* Debug */ = {
			isa = XCBuildConfiguration;
			buildSettings = {
				ASSETCATALOG_COMPILER_APPICON_NAME = AppIcon;
				ASSETCATALOG_COMPILER_GLOBAL_ACCENT_COLOR_NAME = AccentColor;
				CODE_SIGN_STYLE = Automatic;
				CURRENT_PROJECT_VERSION = 1;
				DEVELOPMENT_ASSET_PATHS = "\"CoreLocaleKitExample/Preview Content\"";
				DEVELOPMENT_TEAM = 7WT7Y8CFN6;
				ENABLE_PREVIEWS = YES;
				GENERATE_INFOPLIST_FILE = YES;
				INFOPLIST_KEY_UIApplicationSceneManifest_Generation = YES;
				INFOPLIST_KEY_UIApplicationSupportsIndirectInputEvents = YES;
				INFOPLIST_KEY_UILaunchScreen_Generation = YES;
				INFOPLIST_KEY_UISupportedInterfaceOrientations_iPad = "UIInterfaceOrientationPortrait UIInterfaceOrientationPortraitUpsideDown UIInterfaceOrientationLandscapeLeft UIInterfaceOrientationLandscapeRight";
				INFOPLIST_KEY_UISupportedInterfaceOrientations_iPhone = "UIInterfaceOrientationPortrait UIInterfaceOrientationLandscapeLeft UIInterfaceOrientationLandscapeRight";
				LD_RUNPATH_SEARCH_PATHS = (
					"$(inherited)",
					"@executable_path/Frameworks",
				);
				MARKETING_VERSION = 1.0;
				PRODUCT_BUNDLE_IDENTIFIER = com.y4gamilight.CoreLocaleKitExample;
				PRODUCT_NAME = "$(TARGET_NAME)";
				SWIFT_EMIT_LOC_STRINGS = YES;
				SWIFT_VERSION = 5.0;
				TARGETED_DEVICE_FAMILY = "1,2";
			};
			name = Debug;
		};
		4BF20A532D1A4FDA002CBA3D /* Release */ = {
			isa = XCBuildConfiguration;
			buildSettings = {
				ASSETCATALOG_COMPILER_APPICON_NAME = AppIcon;
				ASSETCATALOG_COMPILER_GLOBAL_ACCENT_COLOR_NAME = AccentColor;
				CODE_SIGN_STYLE = Automatic;
				CURRENT_PROJECT_VERSION = 1;
				DEVELOPMENT_ASSET_PATHS = "\"CoreLocaleKitExample/Preview Content\"";
				DEVELOPMENT_TEAM = 7WT7Y8CFN6;
				ENABLE_PREVIEWS = YES;
				GENERATE_INFOPLIST_FILE = YES;
				INFOPLIST_KEY_UIApplicationSceneManifest_Generation = YES;
				INFOPLIST_KEY_UIApplicationSupportsIndirectInputEvents = YES;
				INFOPLIST_KEY_UILaunchScreen_Generation = YES;
				INFOPLIST_KEY_UISupportedInterfaceOrientations_iPad = "UIInterfaceOrientationPortrait UIInterfaceOrientationPortraitUpsideDown UIInterfaceOrientationLandscapeLeft UIInterfaceOrientationLandscapeRight";
				INFOPLIST_KEY_UISupportedInterfaceOrientations_iPhone = "UIInterfaceOrientationPortrait UIInterfaceOrientationLandscapeLeft UIInterfaceOrientationLandscapeRight";
				LD_RUNPATH_SEARCH_PATHS = (
					"$(inherited)",
					"@executable_path/Frameworks",
				);
				MARKETING_VERSION = 1.0;
				PRODUCT_BUNDLE_IDENTIFIER = com.y4gamilight.CoreLocaleKitExample;
				PRODUCT_NAME = "$(TARGET_NAME)";
				SWIFT_EMIT_LOC_STRINGS = YES;
				SWIFT_VERSION = 5.0;
				TARGETED_DEVICE_FAMILY = "1,2";
			};
			name = Release;
		};
		4BF20A552D1A4FDA002CBA3D /* Debug */ = {
			isa = XCBuildConfiguration;
			buildSettings = {
				ALWAYS_EMBED_SWIFT_STANDARD_LIBRARIES = YES;
				BUNDLE_LOADER = "$(TEST_HOST)";
				CODE_SIGN_STYLE = Automatic;
				CURRENT_PROJECT_VERSION = 1;
				DEVELOPMENT_TEAM = 7WT7Y8CFN6;
				GENERATE_INFOPLIST_FILE = YES;
				IPHONEOS_DEPLOYMENT_TARGET = 17.2;
				MARKETING_VERSION = 1.0;
				PRODUCT_BUNDLE_IDENTIFIER = com.y4gamilight.CoreLocaleKitExampleTests;
				PRODUCT_NAME = "$(TARGET_NAME)";
				SWIFT_EMIT_LOC_STRINGS = NO;
				SWIFT_VERSION = 5.0;
				TARGETED_DEVICE_FAMILY = "1,2";
				TEST_HOST = "$(BUILT_PRODUCTS_DIR)/CoreLocaleKitExample.app/$(BUNDLE_EXECUTABLE_FOLDER_PATH)/CoreLocaleKitExample";
			};
			name = Debug;
		};
		4BF20A562D1A4FDA002CBA3D /* Release */ = {
			isa = XCBuildConfiguration;
			buildSettings = {
				ALWAYS_EMBED_SWIFT_STANDARD_LIBRARIES = YES;
				BUNDLE_LOADER = "$(TEST_HOST)";
				CODE_SIGN_STYLE = Automatic;
				CURRENT_PROJECT_VERSION = 1;
				DEVELOPMENT_TEAM = 7WT7Y8CFN6;
				GENERATE_INFOPLIST_FILE = YES;
				IPHONEOS_DEPLOYMENT_TARGET = 17.2;
				MARKETING_VERSION = 1.0;
				PRODUCT_BUNDLE_IDENTIFIER = com.y4gamilight.CoreLocaleKitExampleTests;
				PRODUCT_NAME = "$(TARGET_NAME)";
				SWIFT_EMIT_LOC_STRINGS = NO;
				SWIFT_VERSION = 5.0;
				TARGETED_DEVICE_FAMILY = "1,2";
				TEST_HOST = "$(BUILT_PRODUCTS_DIR)/CoreLocaleKitExample.app/$(BUNDLE_EXECUTABLE_FOLDER_PATH)/CoreLocaleKitExample";
			};
			name = Release;
		};
		4BF20A582D1A4FDA002CBA3D /* Debug */ = {
			isa = XCBuildConfiguration;
			buildSettings = {
				ALWAYS_EMBED_SWIFT_STANDARD_LIBRARIES = YES;
				CODE_SIGN_STYLE = Automatic;
				CURRENT_PROJECT_VERSION = 1;
				DEVELOPMENT_TEAM = 7WT7Y8CFN6;
				GENERATE_INFOPLIST_FILE = YES;
				MARKETING_VERSION = 1.0;
				PRODUCT_BUNDLE_IDENTIFIER = com.y4gamilight.CoreLocaleKitExampleUITests;
				PRODUCT_NAME = "$(TARGET_NAME)";
				SWIFT_EMIT_LOC_STRINGS = NO;
				SWIFT_VERSION = 5.0;
				TARGETED_DEVICE_FAMILY = "1,2";
				TEST_TARGET_NAME = CoreLocaleKitExample;
			};
			name = Debug;
		};
		4BF20A592D1A4FDA002CBA3D /* Release */ = {
			isa = XCBuildConfiguration;
			buildSettings = {
				ALWAYS_EMBED_SWIFT_STANDARD_LIBRARIES = YES;
				CODE_SIGN_STYLE = Automatic;
				CURRENT_PROJECT_VERSION = 1;
				DEVELOPMENT_TEAM = 7WT7Y8CFN6;
				GENERATE_INFOPLIST_FILE = YES;
				MARKETING_VERSION = 1.0;
				PRODUCT_BUNDLE_IDENTIFIER = com.y4gamilight.CoreLocaleKitExampleUITests;
				PRODUCT_NAME = "$(TARGET_NAME)";
				SWIFT_EMIT_LOC_STRINGS = NO;
				SWIFT_VERSION = 5.0;
				TARGETED_DEVICE_FAMILY = "1,2";
				TEST_TARGET_NAME = CoreLocaleKitExample;
			};
			name = Release;
		};
/* End XCBuildConfiguration section */

/* Begin XCConfigurationList section */
		4BF20A262D1A4FD8002CBA3D /* Build configuration list for PBXProject "CoreLocaleKitExample" */ = {
			isa = XCConfigurationList;
			buildConfigurations = (
				4BF20A4F2D1A4FDA002CBA3D /* Debug */,
				4BF20A502D1A4FDA002CBA3D /* Release */,
			);
			defaultConfigurationIsVisible = 0;
			defaultConfigurationName = Release;
		};
		4BF20A512D1A4FDA002CBA3D /* Build configuration list for PBXNativeTarget "CoreLocaleKitExample" */ = {
			isa = XCConfigurationList;
			buildConfigurations = (
				4BF20A522D1A4FDA002CBA3D /* Debug */,
				4BF20A532D1A4FDA002CBA3D /* Release */,
			);
			defaultConfigurationIsVisible = 0;
			defaultConfigurationName = Release;
		};
		4BF20A542D1A4FDA002CBA3D /* Build configuration list for PBXNativeTarget "CoreLocaleKitExampleTests" */ = {
			isa = XCConfigurationList;
			buildConfigurations = (
				4BF20A552D1A4FDA002CBA3D /* Debug */,
				4BF20A562D1A4FDA002CBA3D /* Release */,
			);
			defaultConfigurationIsVisible = 0;
			defaultConfigurationName = Release;
		};
		4BF20A572D1A4FDA002CBA3D /* Build configuration list for PBXNativeTarget "CoreLocaleKitExampleUITests" */ = {
			isa = XCConfigurationList;
			buildConfigurations = (
				4BF20A582D1A4FDA002CBA3D /* Debug */,
				4BF20A592D1A4FDA002CBA3D /* Release */,
			);
			defaultConfigurationIsVisible = 0;
			defaultConfigurationName = Release;
		};
/* End XCConfigurationList section */
	};
	rootObject = 4BF20A232D1A4FD8002CBA3D /* Project object */;
}
